
Microsoft Visual Studio Solution File, Format Version 12.00
# Visual Studio 14
VisualStudioVersion = 14.0.25420.1
MinimumVisualStudioVersion = 10.0.40219.1
Project("{FAE04EC0-301F-11D3-BF4B-00C04F79EFBC}") = "Day1API", "Day1API\Day1API.csproj", "{A730EEC9-E967-49A2-A3DB-89AC8CC81ACC}"
EndProject
Project("{FAE04EC0-301F-11D3-BF4B-00C04F79EFBC}") = "Day2API", "Day2API\Day2API.csproj", "{4084117D-4518-44E3-BBD2-22C883A3F23D}"
EndProject
Global
	GlobalSection(SolutionConfigurationPlatforms) = preSolution
		Debug|Any CPU = Debug|Any CPU
		Release|Any CPU = Release|Any CPU
	EndGlobalSection
	GlobalSection(ProjectConfigurationPlatforms) = postSolution
		{A730EEC9-E967-49A2-A3DB-89AC8CC81ACC}.Debug|Any CPU.ActiveCfg = Debug|Any CPU
		{A730EEC9-E967-49A2-A3DB-89AC8CC81ACC}.Debug|Any CPU.Build.0 = Debug|Any CPU
		{A730EEC9-E967-49A2-A3DB-89AC8CC81ACC}.Release|Any CPU.ActiveCfg = Release|Any CPU
		{A730EEC9-E967-49A2-A3DB-89AC8CC81ACC}.Release|Any CPU.Build.0 = Release|Any CPU
		{4084117D-4518-44E3-BBD2-22C883A3F23D}.Debug|Any CPU.ActiveCfg = Debug|Any CPU
		{4084117D-4518-44E3-BBD2-22C883A3F23D}.Debug|Any CPU.Build.0 = Debug|Any CPU
		{4084117D-4518-44E3-BBD2-22C883A3F23D}.Release|Any CPU.ActiveCfg = Release|Any CPU
		{4084117D-4518-44E3-BBD2-22C883A3F23D}.Release|Any CPU.Build.0 = Release|Any CPU
	EndGlobalSection
	GlobalSection(SolutionProperties) = preSolution
		HideSolutionNode = FALSE
	EndGlobalSection
EndGlobal
